// !$*UTF8*$!
{
	archiveVersion = 1;
	classes = {
	};
	objectVersion = 56;
	objects = {

/* Begin PBXBuildFile section */
		D261D6CA2A1BDE8B00AF3F8C /* SixHoursStudyApp.swift in Sources */ = {isa = PBXBuildFile; fileRef = D261D6C92A1BDE8B00AF3F8C /* SixHoursStudyApp.swift */; };
		D261D6CC2A1BDE8B00AF3F8C /* ContentView.swift in Sources */ = {isa = PBXBuildFile; fileRef = D261D6CB2A1BDE8B00AF3F8C /* ContentView.swift */; };
		D261D6CE2A1BDE8C00AF3F8C /* Assets.xcassets in Resources */ = {isa = PBXBuildFile; fileRef = D261D6CD2A1BDE8C00AF3F8C /* Assets.xcassets */; };
		D261D6D12A1BDE8C00AF3F8C /* Preview Assets.xcassets in Resources */ = {isa = PBXBuildFile; fileRef = D261D6D02A1BDE8C00AF3F8C /* Preview Assets.xcassets */; };
		D261D6DB2A1BDE8C00AF3F8C /* SixHoursStudyTests.swift in Sources */ = {isa = PBXBuildFile; fileRef = D261D6DA2A1BDE8C00AF3F8C /* SixHoursStudyTests.swift */; };
		D261D6E52A1BDE8C00AF3F8C /* SixHoursStudyUITests.swift in Sources */ = {isa = PBXBuildFile; fileRef = D261D6E42A1BDE8C00AF3F8C /* SixHoursStudyUITests.swift */; };
		D261D6E72A1BDE8C00AF3F8C /* SixHoursStudyUITestsLaunchTests.swift in Sources */ = {isa = PBXBuildFile; fileRef = D261D6E62A1BDE8C00AF3F8C /* SixHoursStudyUITestsLaunchTests.swift */; };
		D298CF402A44833600374714 /* TargetModel.swift in Sources */ = {isa = PBXBuildFile; fileRef = D298CF3F2A44833600374714 /* TargetModel.swift */; };
		D298CF422A448A8F00374714 /* SettingsView.swift in Sources */ = {isa = PBXBuildFile; fileRef = D298CF412A448A8F00374714 /* SettingsView.swift */; };
/* End PBXBuildFile section */

/* Begin PBXContainerItemProxy section */
		D261D6D72A1BDE8C00AF3F8C /* PBXContainerItemProxy */ = {
			isa = PBXContainerItemProxy;
			containerPortal = D261D6BE2A1BDE8B00AF3F8C /* Project object */;
			proxyType = 1;
			remoteGlobalIDString = D261D6C52A1BDE8B00AF3F8C;
			remoteInfo = SixHoursStudy;
		};
		D261D6E12A1BDE8C00AF3F8C /* PBXContainerItemProxy */ = {
			isa = PBXContainerItemProxy;
			containerPortal = D261D6BE2A1BDE8B00AF3F8C /* Project object */;
			proxyType = 1;
			remoteGlobalIDString = D261D6C52A1BDE8B00AF3F8C;
			remoteInfo = SixHoursStudy;
		};
/* End PBXContainerItemProxy section */

/* Begin PBXFileReference section */
		D261D6C62A1BDE8B00AF3F8C /* SixHoursStudy.app */ = {isa = PBXFileReference; explicitFileType = wrapper.application; includeInIndex = 0; path = SixHoursStudy.app; sourceTree = BUILT_PRODUCTS_DIR; };
		D261D6C92A1BDE8B00AF3F8C /* SixHoursStudyApp.swift */ = {isa = PBXFileReference; lastKnownFileType = sourcecode.swift; path = SixHoursStudyApp.swift; sourceTree = "<group>"; };
		D261D6CB2A1BDE8B00AF3F8C /* ContentView.swift */ = {isa = PBXFileReference; lastKnownFileType = sourcecode.swift; path = ContentView.swift; sourceTree = "<group>"; };
		D261D6CD2A1BDE8C00AF3F8C /* Assets.xcassets */ = {isa = PBXFileReference; lastKnownFileType = folder.assetcatalog; path = Assets.xcassets; sourceTree = "<group>"; };
		D261D6D02A1BDE8C00AF3F8C /* Preview Assets.xcassets */ = {isa = PBXFileReference; lastKnownFileType = folder.assetcatalog; path = "Preview Assets.xcassets"; sourceTree = "<group>"; };
		D261D6D62A1BDE8C00AF3F8C /* SixHoursStudyTests.xctest */ = {isa = PBXFileReference; explicitFileType = wrapper.cfbundle; includeInIndex = 0; path = SixHoursStudyTests.xctest; sourceTree = BUILT_PRODUCTS_DIR; };
		D261D6DA2A1BDE8C00AF3F8C /* SixHoursStudyTests.swift */ = {isa = PBXFileReference; lastKnownFileType = sourcecode.swift; path = SixHoursStudyTests.swift; sourceTree = "<group>"; };
		D261D6E02A1BDE8C00AF3F8C /* SixHoursStudyUITests.xctest */ = {isa = PBXFileReference; explicitFileType = wrapper.cfbundle; includeInIndex = 0; path = SixHoursStudyUITests.xctest; sourceTree = BUILT_PRODUCTS_DIR; };
		D261D6E42A1BDE8C00AF3F8C /* SixHoursStudyUITests.swift */ = {isa = PBXFileReference; lastKnownFileType = sourcecode.swift; path = SixHoursStudyUITests.swift; sourceTree = "<group>"; };
		D261D6E62A1BDE8C00AF3F8C /* SixHoursStudyUITestsLaunchTests.swift */ = {isa = PBXFileReference; lastKnownFileType = sourcecode.swift; path = SixHoursStudyUITestsLaunchTests.swift; sourceTree = "<group>"; };
		D298CF3F2A44833600374714 /* TargetModel.swift */ = {isa = PBXFileReference; lastKnownFileType = sourcecode.swift; path = TargetModel.swift; sourceTree = "<group>"; };
		D298CF412A448A8F00374714 /* SettingsView.swift */ = {isa = PBXFileReference; lastKnownFileType = sourcecode.swift; path = SettingsView.swift; sourceTree = "<group>"; };
/* End PBXFileReference section */

/* Begin PBXFrameworksBuildPhase section */
		D261D6C32A1BDE8B00AF3F8C /* Frameworks */ = {
			isa = PBXFrameworksBuildPhase;
			buildActionMask = 2147483647;
			files = (
			);
			runOnlyForDeploymentPostprocessing = 0;
		};
		D261D6D32A1BDE8C00AF3F8C /* Frameworks */ = {
			isa = PBXFrameworksBuildPhase;
			buildActionMask = 2147483647;
			files = (
			);
			runOnlyForDeploymentPostprocessing = 0;
		};
		D261D6DD2A1BDE8C00AF3F8C /* Frameworks */ = {
			isa = PBXFrameworksBuildPhase;
			buildActionMask = 2147483647;
			files = (
			);
			runOnlyForDeploymentPostprocessing = 0;
		};
/* End PBXFrameworksBuildPhase section */

/* Begin PBXGroup section */
		D261D6BD2A1BDE8B00AF3F8C = {
			isa = PBXGroup;
			children = (
				D261D6C82A1BDE8B00AF3F8C /* SixHoursStudy */,
				D261D6D92A1BDE8C00AF3F8C /* SixHoursStudyTests */,
				D261D6E32A1BDE8C00AF3F8C /* SixHoursStudyUITests */,
				D261D6C72A1BDE8B00AF3F8C /* Products */,
			);
			sourceTree = "<group>";
		};
		D261D6C72A1BDE8B00AF3F8C /* Products */ = {
			isa = PBXGroup;
			children = (
				D261D6C62A1BDE8B00AF3F8C /* SixHoursStudy.app */,
				D261D6D62A1BDE8C00AF3F8C /* SixHoursStudyTests.xctest */,
				D261D6E02A1BDE8C00AF3F8C /* SixHoursStudyUITests.xctest */,
			);
			name = Products;
			sourceTree = "<group>";
		};
		D261D6C82A1BDE8B00AF3F8C /* SixHoursStudy */ = {
			isa = PBXGroup;
			children = (
				D261D6C92A1BDE8B00AF3F8C /* SixHoursStudyApp.swift */,
				D261D6CB2A1BDE8B00AF3F8C /* ContentView.swift */,
				D261D6CD2A1BDE8C00AF3F8C /* Assets.xcassets */,
				D261D6CF2A1BDE8C00AF3F8C /* Preview Content */,
				D298CF3F2A44833600374714 /* TargetModel.swift */,
				D298CF412A448A8F00374714 /* SettingsView.swift */,
			);
			path = SixHoursStudy;
			sourceTree = "<group>";
		};
		D261D6CF2A1BDE8C00AF3F8C /* Preview Content */ = {
			isa = PBXGroup;
			children = (
				D261D6D02A1BDE8C00AF3F8C /* Preview Assets.xcassets */,
			);
			path = "Preview Content";
			sourceTree = "<group>";
		};
		D261D6D92A1BDE8C00AF3F8C /* SixHoursStudyTests */ = {
			isa = PBXGroup;
			children = (
				D261D6DA2A1BDE8C00AF3F8C /* SixHoursStudyTests.swift */,
			);
			path = SixHoursStudyTests;
			sourceTree = "<group>";
		};
		D261D6E32A1BDE8C00AF3F8C /* SixHoursStudyUITests */ = {
			isa = PBXGroup;
			children = (
				D261D6E42A1BDE8C00AF3F8C /* SixHoursStudyUITests.swift */,
				D261D6E62A1BDE8C00AF3F8C /* SixHoursStudyUITestsLaunchTests.swift */,
			);
			path = SixHoursStudyUITests;
			sourceTree = "<group>";
		};
/* End PBXGroup section */

/* Begin PBXNativeTarget section */
		D261D6C52A1BDE8B00AF3F8C /* SixHoursStudy */ = {
			isa = PBXNativeTarget;
			buildConfigurationList = D261D6EA2A1BDE8C00AF3F8C /* Build configuration list for PBXNativeTarget "SixHoursStudy" */;
			buildPhases = (
				D261D6C22A1BDE8B00AF3F8C /* Sources */,
				D261D6C32A1BDE8B00AF3F8C /* Frameworks */,
				D261D6C42A1BDE8B00AF3F8C /* Resources */,
			);
			buildRules = (
			);
			dependencies = (
			);
			name = SixHoursStudy;
			productName = SixHoursStudy;
			productReference = D261D6C62A1BDE8B00AF3F8C /* SixHoursStudy.app */;
			productType = "com.apple.product-type.application";
		};
		D261D6D52A1BDE8C00AF3F8C /* SixHoursStudyTests */ = {
			isa = PBXNativeTarget;
			buildConfigurationList = D261D6ED2A1BDE8C00AF3F8C /* Build configuration list for PBXNativeTarget "SixHoursStudyTests" */;
			buildPhases = (
				D261D6D22A1BDE8C00AF3F8C /* Sources */,
				D261D6D32A1BDE8C00AF3F8C /* Frameworks */,
				D261D6D42A1BDE8C00AF3F8C /* Resources */,
			);
			buildRules = (
			);
			dependencies = (
				D261D6D82A1BDE8C00AF3F8C /* PBXTargetDependency */,
			);
			name = SixHoursStudyTests;
			productName = SixHoursStudyTests;
			productReference = D261D6D62A1BDE8C00AF3F8C /* SixHoursStudyTests.xctest */;
			productType = "com.apple.product-type.bundle.unit-test";
		};
		D261D6DF2A1BDE8C00AF3F8C /* SixHoursStudyUITests */ = {
			isa = PBXNativeTarget;
			buildConfigurationList = D261D6F02A1BDE8C00AF3F8C /* Build configuration list for PBXNativeTarget "SixHoursStudyUITests" */;
			buildPhases = (
				D261D6DC2A1BDE8C00AF3F8C /* Sources */,
				D261D6DD2A1BDE8C00AF3F8C /* Frameworks */,
				D261D6DE2A1BDE8C00AF3F8C /* Resources */,
			);
			buildRules = (
			);
			dependencies = (
				D261D6E22A1BDE8C00AF3F8C /* PBXTargetDependency */,
			);
			name = SixHoursStudyUITests;
			productName = SixHoursStudyUITests;
			productReference = D261D6E02A1BDE8C00AF3F8C /* SixHoursStudyUITests.xctest */;
			productType = "com.apple.product-type.bundle.ui-testing";
		};
/* End PBXNativeTarget section */

/* Begin PBXProject section */
		D261D6BE2A1BDE8B00AF3F8C /* Project object */ = {
			isa = PBXProject;
			attributes = {
				BuildIndependentTargetsInParallel = 1;
				LastSwiftUpdateCheck = 1430;
				LastUpgradeCheck = 1430;
				TargetAttributes = {
					D261D6C52A1BDE8B00AF3F8C = {
						CreatedOnToolsVersion = 14.3;
					};
					D261D6D52A1BDE8C00AF3F8C = {
						CreatedOnToolsVersion = 14.3;
						TestTargetID = D261D6C52A1BDE8B00AF3F8C;
					};
					D261D6DF2A1BDE8C00AF3F8C = {
						CreatedOnToolsVersion = 14.3;
						TestTargetID = D261D6C52A1BDE8B00AF3F8C;
					};
				};
			};
			buildConfigurationList = D261D6C12A1BDE8B00AF3F8C /* Build configuration list for PBXProject "SixHoursStudy" */;
			compatibilityVersion = "Xcode 14.0";
			developmentRegion = en;
			hasScannedForEncodings = 0;
			knownRegions = (
				en,
				Base,
			);
			mainGroup = D261D6BD2A1BDE8B00AF3F8C;
			productRefGroup = D261D6C72A1BDE8B00AF3F8C /* Products */;
			projectDirPath = "";
			projectRoot = "";
			targets = (
				D261D6C52A1BDE8B00AF3F8C /* SixHoursStudy */,
				D261D6D52A1BDE8C00AF3F8C /* SixHoursStudyTests */,
				D261D6DF2A1BDE8C00AF3F8C /* SixHoursStudyUITests */,
			);
		};
/* End PBXProject section */

/* Begin PBXResourcesBuildPhase section */
		D261D6C42A1BDE8B00AF3F8C /* Resources */ = {
			isa = PBXResourcesBuildPhase;
			buildActionMask = 2147483647;
			files = (
				D261D6D12A1BDE8C00AF3F8C /* Preview Assets.xcassets in Resources */,
				D261D6CE2A1BDE8C00AF3F8C /* Assets.xcassets in Resources */,
			);
			runOnlyForDeploymentPostprocessing = 0;
		};
		D261D6D42A1BDE8C00AF3F8C /* Resources */ = {
			isa = PBXResourcesBuildPhase;
			buildActionMask = 2147483647;
			files = (
			);
			runOnlyForDeploymentPostprocessing = 0;
		};
		D261D6DE2A1BDE8C00AF3F8C /* Resources */ = {
			isa = PBXResourcesBuildPhase;
			buildActionMask = 2147483647;
			files = (
			);
			runOnlyForDeploymentPostprocessing = 0;
		};
/* End PBXResourcesBuildPhase section */

/* Begin PBXSourcesBuildPhase section */
		D261D6C22A1BDE8B00AF3F8C /* Sources */ = {
			isa = PBXSourcesBuildPhase;
			buildActionMask = 2147483647;
			files = (
				D261D6CC2A1BDE8B00AF3F8C /* ContentView.swift in Sources */,
				D298CF422A448A8F00374714 /* SettingsView.swift in Sources */,
				D298CF402A44833600374714 /* TargetModel.swift in Sources */,
				D261D6CA2A1BDE8B00AF3F8C /* SixHoursStudyApp.swift in Sources */,
			);
			runOnlyForDeploymentPostprocessing = 0;
		};
		D261D6D22A1BDE8C00AF3F8C /* Sources */ = {
			isa = PBXSourcesBuildPhase;
			buildActionMask = 2147483647;
			files = (
				D261D6DB2A1BDE8C00AF3F8C /* SixHoursStudyTests.swift in Sources */,
			);
			runOnlyForDeploymentPostprocessing = 0;
		};
		D261D6DC2A1BDE8C00AF3F8C /* Sources */ = {
			isa = PBXSourcesBuildPhase;
			buildActionMask = 2147483647;
			files = (
				D261D6E52A1BDE8C00AF3F8C /* SixHoursStudyUITests.swift in Sources */,
				D261D6E72A1BDE8C00AF3F8C /* SixHoursStudyUITestsLaunchTests.swift in Sources */,
			);
			runOnlyForDeploymentPostprocessing = 0;
		};
/* End PBXSourcesBuildPhase section */

/* Begin PBXTargetDependency section */
		D261D6D82A1BDE8C00AF3F8C /* PBXTargetDependency */ = {
			isa = PBXTargetDependency;
			target = D261D6C52A1BDE8B00AF3F8C /* SixHoursStudy */;
			targetProxy = D261D6D72A1BDE8C00AF3F8C /* PBXContainerItemProxy */;
		};
		D261D6E22A1BDE8C00AF3F8C /* PBXTargetDependency */ = {
			isa = PBXTargetDependency;
			target = D261D6C52A1BDE8B00AF3F8C /* SixHoursStudy */;
			targetProxy = D261D6E12A1BDE8C00AF3F8C /* PBXContainerItemProxy */;
		};
/* End PBXTargetDependency section */

/* Begin XCBuildConfiguration section */
		D261D6E82A1BDE8C00AF3F8C /* Debug */ = {
			isa = XCBuildConfiguration;
			buildSettings = {
				ALWAYS_SEARCH_USER_PATHS = NO;
				CLANG_ANALYZER_NONNULL = YES;
				CLANG_ANALYZER_NUMBER_OBJECT_CONVERSION = YES_AGGRESSIVE;
				CLANG_CXX_LANGUAGE_STANDARD = "gnu++20";
				CLANG_ENABLE_MODULES = YES;
				CLANG_ENABLE_OBJC_ARC = YES;
				CLANG_ENABLE_OBJC_WEAK = YES;
				CLANG_WARN_BLOCK_CAPTURE_AUTORELEASING = YES;
				CLANG_WARN_BOOL_CONVERSION = YES;
				CLANG_WARN_COMMA = YES;
				CLANG_WARN_CONSTANT_CONVERSION = YES;
				CLANG_WARN_DEPRECATED_OBJC_IMPLEMENTATIONS = YES;
				CLANG_WARN_DIRECT_OBJC_ISA_USAGE = YES_ERROR;
				CLANG_WARN_DOCUMENTATION_COMMENTS = YES;
				CLANG_WARN_EMPTY_BODY = YES;
				CLANG_WARN_ENUM_CONVERSION = YES;
				CLANG_WARN_INFINITE_RECURSION = YES;
				CLANG_WARN_INT_CONVERSION = YES;
				CLANG_WARN_NON_LITERAL_NULL_CONVERSION = YES;
				CLANG_WARN_OBJC_IMPLICIT_RETAIN_SELF = YES;
				CLANG_WARN_OBJC_LITERAL_CONVERSION = YES;
				CLANG_WARN_OBJC_ROOT_CLASS = YES_ERROR;
				CLANG_WARN_QUOTED_INCLUDE_IN_FRAMEWORK_HEADER = YES;
				CLANG_WARN_RANGE_LOOP_ANALYSIS = YES;
				CLANG_WARN_STRICT_PROTOTYPES = YES;
				CLANG_WARN_SUSPICIOUS_MOVE = YES;
				CLANG_WARN_UNGUARDED_AVAILABILITY = YES_AGGRESSIVE;
				CLANG_WARN_UNREACHABLE_CODE = YES;
				CLANG_WARN__DUPLICATE_METHOD_MATCH = YES;
				COPY_PHASE_STRIP = NO;
				DEBUG_INFORMATION_FORMAT = dwarf;
				ENABLE_STRICT_OBJC_MSGSEND = YES;
				ENABLE_TESTABILITY = YES;
				GCC_C_LANGUAGE_STANDARD = gnu11;
				GCC_DYNAMIC_NO_PIC = NO;
				GCC_NO_COMMON_BLOCKS = YES;
				GCC_OPTIMIZATION_LEVEL = 0;
				GCC_PREPROCESSOR_DEFINITIONS = (
					"DEBUG=1",
					"$(inherited)",
				);
				GCC_WARN_64_TO_32_BIT_CONVERSION = YES;
				GCC_WARN_ABOUT_RETURN_TYPE = YES_ERROR;
				GCC_WARN_UNDECLARED_SELECTOR = YES;
				GCC_WARN_UNINITIALIZED_AUTOS = YES_AGGRESSIVE;
				GCC_WARN_UNUSED_FUNCTION = YES;
				GCC_WARN_UNUSED_VARIABLE = YES;
				IPHONEOS_DEPLOYMENT_TARGET = 16.4;
				MTL_ENABLE_DEBUG_INFO = INCLUDE_SOURCE;
				MTL_FAST_MATH = YES;
				ONLY_ACTIVE_ARCH = YES;
				SDKROOT = iphoneos;
				SWIFT_ACTIVE_COMPILATION_CONDITIONS = DEBUG;
				SWIFT_OPTIMIZATION_LEVEL = "-Onone";
			};
			name = Debug;
		};
		D261D6E92A1BDE8C00AF3F8C /* Release */ = {
			isa = XCBuildConfiguration;
			buildSettings = {
				ALWAYS_SEARCH_USER_PATHS = NO;
				CLANG_ANALYZER_NONNULL = YES;
				CLANG_ANALYZER_NUMBER_OBJECT_CONVERSION = YES_AGGRESSIVE;
				CLANG_CXX_LANGUAGE_STANDARD = "gnu++20";
				CLANG_ENABLE_MODULES = YES;
				CLANG_ENABLE_OBJC_ARC = YES;
				CLANG_ENABLE_OBJC_WEAK = YES;
				CLANG_WARN_BLOCK_CAPTURE_AUTORELEASING = YES;
				CLANG_WARN_BOOL_CONVERSION = YES;
				CLANG_WARN_COMMA = YES;
				CLANG_WARN_CONSTANT_CONVERSION = YES;
				CLANG_WARN_DEPRECATED_OBJC_IMPLEMENTATIONS = YES;
				CLANG_WARN_DIRECT_OBJC_ISA_USAGE = YES_ERROR;
				CLANG_WARN_DOCUMENTATION_COMMENTS = YES;
				CLANG_WARN_EMPTY_BODY = YES;
				CLANG_WARN_ENUM_CONVERSION = YES;
				CLANG_WARN_INFINITE_RECURSION = YES;
				CLANG_WARN_INT_CONVERSION = YES;
				CLANG_WARN_NON_LITERAL_NULL_CONVERSION = YES;
				CLANG_WARN_OBJC_IMPLICIT_RETAIN_SELF = YES;
				CLANG_WARN_OBJC_LITERAL_CONVERSION = YES;
				CLANG_WARN_OBJC_ROOT_CLASS = YES_ERROR;
				CLANG_WARN_QUOTED_INCLUDE_IN_FRAMEWORK_HEADER = YES;
				CLANG_WARN_RANGE_LOOP_ANALYSIS = YES;
				CLANG_WARN_STRICT_PROTOTYPES = YES;
				CLANG_WARN_SUSPICIOUS_MOVE = YES;
				CLANG_WARN_UNGUARDED_AVAILABILITY = YES_AGGRESSIVE;
				CLANG_WARN_UNREACHABLE_CODE = YES;
				CLANG_WARN__DUPLICATE_METHOD_MATCH = YES;
				COPY_PHASE_STRIP = NO;
				DEBUG_INFORMATION_FORMAT = "dwarf-with-dsym";
				ENABLE_NS_ASSERTIONS = NO;
				ENABLE_STRICT_OBJC_MSGSEND = YES;
				GCC_C_LANGUAGE_STANDARD = gnu11;
				GCC_NO_COMMON_BLOCKS = YES;
				GCC_WARN_64_TO_32_BIT_CONVERSION = YES;
				GCC_WARN_ABOUT_RETURN_TYPE = YES_ERROR;
				GCC_WARN_UNDECLARED_SELECTOR = YES;
				GCC_WARN_UNINITIALIZED_AUTOS = YES_AGGRESSIVE;
				GCC_WARN_UNUSED_FUNCTION = YES;
				GCC_WARN_UNUSED_VARIABLE = YES;
				IPHONEOS_DEPLOYMENT_TARGET = 16.4;
				MTL_ENABLE_DEBUG_INFO = NO;
				MTL_FAST_MATH = YES;
				SDKROOT = iphoneos;
				SWIFT_COMPILATION_MODE = wholemodule;
				SWIFT_OPTIMIZATION_LEVEL = "-O";
				VALIDATE_PRODUCT = YES;
			};
			name = Release;
		};
		D261D6EB2A1BDE8C00AF3F8C /* Debug */ = {
			isa = XCBuildConfiguration;
			buildSettings = {
				ASSETCATALOG_COMPILER_APPICON_NAME = AppIcon;
				ASSETCATALOG_COMPILER_GLOBAL_ACCENT_COLOR_NAME = AccentColor;
				CODE_SIGN_STYLE = Automatic;
				CURRENT_PROJECT_VERSION = 1;
				DEVELOPMENT_ASSET_PATHS = "\"SixHoursStudy/Preview Content\"";
				DEVELOPMENT_TEAM = NB7837487A;
				ENABLE_PREVIEWS = YES;
				GENERATE_INFOPLIST_FILE = YES;
				INFOPLIST_KEY_UIApplicationSceneManifest_Generation = YES;
				INFOPLIST_KEY_UIApplicationSupportsIndirectInputEvents = YES;
				INFOPLIST_KEY_UILaunchScreen_Generation = YES;
				INFOPLIST_KEY_UISupportedInterfaceOrientations_iPad = "UIInterfaceOrientationPortrait UIInterfaceOrientationPortraitUpsideDown UIInterfaceOrientationLandscapeLeft UIInterfaceOrientationLandscapeRight";
				INFOPLIST_KEY_UISupportedInterfaceOrientations_iPhone = "UIInterfaceOrientationPortrait UIInterfaceOrientationLandscapeLeft UIInterfaceOrientationLandscapeRight";
				LD_RUNPATH_SEARCH_PATHS = (
					"$(inherited)",
					"@executable_path/Frameworks",
				);
				MARKETING_VERSION = 1.0;
				PRODUCT_BUNDLE_IDENTIFIER = dev.alisina.SixHoursStudy;
				PRODUCT_NAME = "$(TARGET_NAME)";
				SWIFT_EMIT_LOC_STRINGS = YES;
				SWIFT_VERSION = 5.0;
				TARGETED_DEVICE_FAMILY = "1,2";
			};
			name = Debug;
		};
		D261D6EC2A1BDE8C00AF3F8C /* Release */ = {
			isa = XCBuildConfiguration;
			buildSettings = {
				ASSETCATALOG_COMPILER_APPICON_NAME = AppIcon;
				ASSETCATALOG_COMPILER_GLOBAL_ACCENT_COLOR_NAME = AccentColor;
				CODE_SIGN_STYLE = Automatic;
				CURRENT_PROJECT_VERSION = 1;
				DEVELOPMENT_ASSET_PATHS = "\"SixHoursStudy/Preview Content\"";
				DEVELOPMENT_TEAM = NB7837487A;
				ENABLE_PREVIEWS = YES;
				GENERATE_INFOPLIST_FILE = YES;
				INFOPLIST_KEY_UIApplicationSceneManifest_Generation = YES;
				INFOPLIST_KEY_UIApplicationSupportsIndirectInputEvents = YES;
				INFOPLIST_KEY_UILaunchScreen_Generation = YES;
				INFOPLIST_KEY_UISupportedInterfaceOrientations_iPad = "UIInterfaceOrientationPortrait UIInterfaceOrientationPortraitUpsideDown UIInterfaceOrientationLandscapeLeft UIInterfaceOrientationLandscapeRight";
				INFOPLIST_KEY_UISupportedInterfaceOrientations_iPhone = "UIInterfaceOrientationPortrait UIInterfaceOrientationLandscapeLeft UIInterfaceOrientationLandscapeRight";
				LD_RUNPATH_SEARCH_PATHS = (
					"$(inherited)",
					"@executable_path/Frameworks",
				);
				MARKETING_VERSION = 1.0;
				PRODUCT_BUNDLE_IDENTIFIER = dev.alisina.SixHoursStudy;
				PRODUCT_NAME = "$(TARGET_NAME)";
				SWIFT_EMIT_LOC_STRINGS = YES;
				SWIFT_VERSION = 5.0;
				TARGETED_DEVICE_FAMILY = "1,2";
			};
			name = Release;
		};
		D261D6EE2A1BDE8C00AF3F8C /* Debug */ = {
			isa = XCBuildConfiguration;
			buildSettings = {
				ALWAYS_EMBED_SWIFT_STANDARD_LIBRARIES = YES;
				BUNDLE_LOADER = "$(TEST_HOST)";
				CODE_SIGN_STYLE = Automatic;
				CURRENT_PROJECT_VERSION = 1;
				DEVELOPMENT_TEAM = NB7837487A;
				GENERATE_INFOPLIST_FILE = YES;
				IPHONEOS_DEPLOYMENT_TARGET = 16.4;
				MARKETING_VERSION = 1.0;
				PRODUCT_BUNDLE_IDENTIFIER = dev.alisina.SixHoursStudyTests;
				PRODUCT_NAME = "$(TARGET_NAME)";
				SWIFT_EMIT_LOC_STRINGS = NO;
				SWIFT_VERSION = 5.0;
				TARGETED_DEVICE_FAMILY = "1,2";
				TEST_HOST = "$(BUILT_PRODUCTS_DIR)/SixHoursStudy.app/$(BUNDLE_EXECUTABLE_FOLDER_PATH)/SixHoursStudy";
			};
			name = Debug;
		};
		D261D6EF2A1BDE8C00AF3F8C /* Release */ = {
			isa = XCBuildConfiguration;
			buildSettings = {
				ALWAYS_EMBED_SWIFT_STANDARD_LIBRARIES = YES;
				BUNDLE_LOADER = "$(TEST_HOST)";
				CODE_SIGN_STYLE = Automatic;
				CURRENT_PROJECT_VERSION = 1;
				DEVELOPMENT_TEAM = NB7837487A;
				GENERATE_INFOPLIST_FILE = YES;
				IPHONEOS_DEPLOYMENT_TARGET = 16.4;
				MARKETING_VERSION = 1.0;
				PRODUCT_BUNDLE_IDENTIFIER = dev.alisina.SixHoursStudyTests;
				PRODUCT_NAME = "$(TARGET_NAME)";
				SWIFT_EMIT_LOC_STRINGS = NO;
				SWIFT_VERSION = 5.0;
				TARGETED_DEVICE_FAMILY = "1,2";
				TEST_HOST = "$(BUILT_PRODUCTS_DIR)/SixHoursStudy.app/$(BUNDLE_EXECUTABLE_FOLDER_PATH)/SixHoursStudy";
			};
			name = Release;
		};
		D261D6F12A1BDE8C00AF3F8C /* Debug */ = {
			isa = XCBuildConfiguration;
			buildSettings = {
				ALWAYS_EMBED_SWIFT_STANDARD_LIBRARIES = YES;
				CODE_SIGN_STYLE = Automatic;
				CURRENT_PROJECT_VERSION = 1;
				DEVELOPMENT_TEAM = NB7837487A;
				GENERATE_INFOPLIST_FILE = YES;
				MARKETING_VERSION = 1.0;
				PRODUCT_BUNDLE_IDENTIFIER = dev.alisina.SixHoursStudyUITests;
				PRODUCT_NAME = "$(TARGET_NAME)";
				SWIFT_EMIT_LOC_STRINGS = NO;
				SWIFT_VERSION = 5.0;
				TARGETED_DEVICE_FAMILY = "1,2";
				TEST_TARGET_NAME = SixHoursStudy;
			};
			name = Debug;
		};
		D261D6F22A1BDE8C00AF3F8C /* Release */ = {
			isa = XCBuildConfiguration;
			buildSettings = {
				ALWAYS_EMBED_SWIFT_STANDARD_LIBRARIES = YES;
				CODE_SIGN_STYLE = Automatic;
				CURRENT_PROJECT_VERSION = 1;
				DEVELOPMENT_TEAM = NB7837487A;
				GENERATE_INFOPLIST_FILE = YES;
				MARKETING_VERSION = 1.0;
				PRODUCT_BUNDLE_IDENTIFIER = dev.alisina.SixHoursStudyUITests;
				PRODUCT_NAME = "$(TARGET_NAME)";
				SWIFT_EMIT_LOC_STRINGS = NO;
				SWIFT_VERSION = 5.0;
				TARGETED_DEVICE_FAMILY = "1,2";
				TEST_TARGET_NAME = SixHoursStudy;
			};
			name = Release;
		};
/* End XCBuildConfiguration section */

/* Begin XCConfigurationList section */
		D261D6C12A1BDE8B00AF3F8C /* Build configuration list for PBXProject "SixHoursStudy" */ = {
			isa = XCConfigurationList;
			buildConfigurations = (
				D261D6E82A1BDE8C00AF3F8C /* Debug */,
				D261D6E92A1BDE8C00AF3F8C /* Release */,
			);
			defaultConfigurationIsVisible = 0;
			defaultConfigurationName = Release;
		};
		D261D6EA2A1BDE8C00AF3F8C /* Build configuration list for PBXNativeTarget "SixHoursStudy" */ = {
			isa = XCConfigurationList;
			buildConfigurations = (
				D261D6EB2A1BDE8C00AF3F8C /* Debug */,
				D261D6EC2A1BDE8C00AF3F8C /* Release */,
			);
			defaultConfigurationIsVisible = 0;
			defaultConfigurationName = Release;
		};
		D261D6ED2A1BDE8C00AF3F8C /* Build configuration list for PBXNativeTarget "SixHoursStudyTests" */ = {
			isa = XCConfigurationList;
			buildConfigurations = (
				D261D6EE2A1BDE8C00AF3F8C /* Debug */,
				D261D6EF2A1BDE8C00AF3F8C /* Release */,
			);
			defaultConfigurationIsVisible = 0;
			defaultConfigurationName = Release;
		};
		D261D6F02A1BDE8C00AF3F8C /* Build configuration list for PBXNativeTarget "SixHoursStudyUITests" */ = {
			isa = XCConfigurationList;
			buildConfigurations = (
				D261D6F12A1BDE8C00AF3F8C /* Debug */,
				D261D6F22A1BDE8C00AF3F8C /* Release */,
			);
			defaultConfigurationIsVisible = 0;
			defaultConfigurationName = Release;
		};
/* End XCConfigurationList section */
	};
	rootObject = D261D6BE2A1BDE8B00AF3F8C /* Project object */;
}
